// !$*UTF8*$!
{
	archiveVersion = 1;
	classes = {
	};
	objectVersion = 55;
	objects = {

/* Begin PBXBuildFile section */
		51D703187932288746AEAEDE /* Pods_WakeApp_WakeAppUITests.framework in Frameworks */ = {isa = PBXBuildFile; fileRef = C0F249E367FA7C50AB45CD73 /* Pods_WakeApp_WakeAppUITests.framework */; };
		675FC3F0E729F6EE08FF0331 /* Pods_WakeAppTests.framework in Frameworks */ = {isa = PBXBuildFile; fileRef = 1CE85A533294DAC88DD51D73 /* Pods_WakeAppTests.framework */; };
		9FB70C7235AC381C3AF02C11 /* Pods_WakeApp.framework in Frameworks */ = {isa = PBXBuildFile; fileRef = 3973B1E69132F0C9E7E4E424 /* Pods_WakeApp.framework */; };
		A50B9E4E2A2424230051C78C /* AccountRegistrationViewController.swift in Sources */ = {isa = PBXBuildFile; fileRef = A50B9E4C2A2424230051C78C /* AccountRegistrationViewController.swift */; };
		A50B9E4F2A2424230051C78C /* AccountRegistrationViewController.xib in Resources */ = {isa = PBXBuildFile; fileRef = A50B9E4D2A2424230051C78C /* AccountRegistrationViewController.xib */; };
		A512D5012A22EFD70034D4D9 /* MainPageViewController.swift in Sources */ = {isa = PBXBuildFile; fileRef = A512D5002A22EFD70034D4D9 /* MainPageViewController.swift */; };
		A512D5042A22F0910034D4D9 /* IntroductionViewController.swift in Sources */ = {isa = PBXBuildFile; fileRef = A512D5022A22F0910034D4D9 /* IntroductionViewController.swift */; };
		A512D5052A22F0910034D4D9 /* IntroductionViewController.xib in Resources */ = {isa = PBXBuildFile; fileRef = A512D5032A22F0910034D4D9 /* IntroductionViewController.xib */; };
		A512D5082A2391DA0034D4D9 /* Const.swift in Sources */ = {isa = PBXBuildFile; fileRef = A512D5072A2391DA0034D4D9 /* Const.swift */; };
		A53468F52A2AE4F10097A9EB /* AccountSettingsViewModel.swift in Sources */ = {isa = PBXBuildFile; fileRef = A53468F42A2AE4F10097A9EB /* AccountSettingsViewModel.swift */; };
		A555A76F2A249FF000B09B03 /* GoogleService-Info.plist in Resources */ = {isa = PBXBuildFile; fileRef = A555A76E2A249FF000B09B03 /* GoogleService-Info.plist */; };
		A555A7712A24A20B00B09B03 /* AccountRegistrationViewModel.swift in Sources */ = {isa = PBXBuildFile; fileRef = A555A7702A24A20B00B09B03 /* AccountRegistrationViewModel.swift */; };
		A555A7732A24ECD300B09B03 /* GoogleAuthenticator.swift in Sources */ = {isa = PBXBuildFile; fileRef = A555A7722A24ECD300B09B03 /* GoogleAuthenticator.swift */; };
		A57213812A25E4DA001E5F81 /* AppleAuthenticator.swift in Sources */ = {isa = PBXBuildFile; fileRef = A57213802A25E4DA001E5F81 /* AppleAuthenticator.swift */; };
		A58BB0CB2A28225000C834A3 /* DataStorage.swift in Sources */ = {isa = PBXBuildFile; fileRef = A58BB0CA2A28225000C834A3 /* DataStorage.swift */; };
		A58BB0CE2A282AEB00C834A3 /* OutgoingEmailViewController.swift in Sources */ = {isa = PBXBuildFile; fileRef = A58BB0CC2A282AEB00C834A3 /* OutgoingEmailViewController.swift */; };
		A58BB0CF2A282AEB00C834A3 /* OutgoingEmailViewController.xib in Resources */ = {isa = PBXBuildFile; fileRef = A58BB0CD2A282AEB00C834A3 /* OutgoingEmailViewController.xib */; };
		A58BB0D12A2839E200C834A3 /* LoadingView.xib in Resources */ = {isa = PBXBuildFile; fileRef = A58BB0D02A2839E200C834A3 /* LoadingView.xib */; };
		A58BB0D32A2839F400C834A3 /* LoadingView.swift in Sources */ = {isa = PBXBuildFile; fileRef = A58BB0D22A2839F400C834A3 /* LoadingView.swift */; };
		A58BB0DE2A289D7700C834A3 /* AccountSettingsViewController.swift in Sources */ = {isa = PBXBuildFile; fileRef = A58BB0DC2A289D7700C834A3 /* AccountSettingsViewController.swift */; };
		A58BB0DF2A289D7700C834A3 /* AccountSettingsViewController.xib in Resources */ = {isa = PBXBuildFile; fileRef = A58BB0DD2A289D7700C834A3 /* AccountSettingsViewController.xib */; };
		A59EEE6A2A216A1200C60128 /* AppDelegate.swift in Sources */ = {isa = PBXBuildFile; fileRef = A59EEE692A216A1200C60128 /* AppDelegate.swift */; };
		A59EEE6C2A216A1200C60128 /* SceneDelegate.swift in Sources */ = {isa = PBXBuildFile; fileRef = A59EEE6B2A216A1200C60128 /* SceneDelegate.swift */; };
		A59EEE732A216A1300C60128 /* Assets.xcassets in Resources */ = {isa = PBXBuildFile; fileRef = A59EEE722A216A1300C60128 /* Assets.xcassets */; };
		A59EEE762A216A1300C60128 /* LaunchScreen.storyboard in Resources */ = {isa = PBXBuildFile; fileRef = A59EEE742A216A1300C60128 /* LaunchScreen.storyboard */; };
		A59EEE812A216A1300C60128 /* WakeAppTests.swift in Sources */ = {isa = PBXBuildFile; fileRef = A59EEE802A216A1300C60128 /* WakeAppTests.swift */; };
		A59EEE8B2A216A1300C60128 /* WakeAppUITests.swift in Sources */ = {isa = PBXBuildFile; fileRef = A59EEE8A2A216A1300C60128 /* WakeAppUITests.swift */; };
		A59EEE8D2A216A1300C60128 /* WakeAppUITestsLaunchTests.swift in Sources */ = {isa = PBXBuildFile; fileRef = A59EEE8C2A216A1300C60128 /* WakeAppUITestsLaunchTests.swift */; };
		A59EEEA02A21867000C60128 /* StartingViewController.swift in Sources */ = {isa = PBXBuildFile; fileRef = A59EEE9E2A21867000C60128 /* StartingViewController.swift */; };
		A59EEEA12A21867000C60128 /* StartingViewController.xib in Resources */ = {isa = PBXBuildFile; fileRef = A59EEE9F2A21867000C60128 /* StartingViewController.xib */; };
		A5CFBD9C2A2DCDAA00C63FCA /* AccountImageSettingsViewModel.swift in Sources */ = {isa = PBXBuildFile; fileRef = A5CFBD9B2A2DCDAA00C63FCA /* AccountImageSettingsViewModel.swift */; };
		A5E45C822A2D7C5F004EC86B /* RecordViewController.swift in Sources */ = {isa = PBXBuildFile; fileRef = A5E45C802A2D7C5F004EC86B /* RecordViewController.swift */; };
		A5E45C832A2D7C5F004EC86B /* RecordViewController.xib in Resources */ = {isa = PBXBuildFile; fileRef = A5E45C812A2D7C5F004EC86B /* RecordViewController.xib */; };
		A5E45C862A2DA891004EC86B /* AccountImageSettingsViewController.swift in Sources */ = {isa = PBXBuildFile; fileRef = A5E45C842A2DA891004EC86B /* AccountImageSettingsViewController.swift */; };
		A5E45C872A2DA891004EC86B /* AccountImageSettingsViewController.xib in Resources */ = {isa = PBXBuildFile; fileRef = A5E45C852A2DA891004EC86B /* AccountImageSettingsViewController.xib */; };
		A5E839F42A2721B8002D21FA /* Validation.swift in Sources */ = {isa = PBXBuildFile; fileRef = A5E839F32A2721B8002D21FA /* Validation.swift */; };
/* End PBXBuildFile section */

/* Begin PBXContainerItemProxy section */
		A59EEE7D2A216A1300C60128 /* PBXContainerItemProxy */ = {
			isa = PBXContainerItemProxy;
			containerPortal = A59EEE5E2A216A1200C60128 /* Project object */;
			proxyType = 1;
			remoteGlobalIDString = A59EEE652A216A1200C60128;
			remoteInfo = WakeApp;
		};
		A59EEE872A216A1300C60128 /* PBXContainerItemProxy */ = {
			isa = PBXContainerItemProxy;
			containerPortal = A59EEE5E2A216A1200C60128 /* Project object */;
			proxyType = 1;
			remoteGlobalIDString = A59EEE652A216A1200C60128;
			remoteInfo = WakeApp;
		};
/* End PBXContainerItemProxy section */

/* Begin PBXFileReference section */
		0682733A6EB724E1F50C4E35 /* Pods-WakeApp-WakeAppUITests.debug.xcconfig */ = {isa = PBXFileReference; includeInIndex = 1; lastKnownFileType = text.xcconfig; name = "Pods-WakeApp-WakeAppUITests.debug.xcconfig"; path = "Target Support Files/Pods-WakeApp-WakeAppUITests/Pods-WakeApp-WakeAppUITests.debug.xcconfig"; sourceTree = "<group>"; };
		19A428935FECE9E1423C2B30 /* Pods-WakeAppTests.debug.xcconfig */ = {isa = PBXFileReference; includeInIndex = 1; lastKnownFileType = text.xcconfig; name = "Pods-WakeAppTests.debug.xcconfig"; path = "Target Support Files/Pods-WakeAppTests/Pods-WakeAppTests.debug.xcconfig"; sourceTree = "<group>"; };
		1CE85A533294DAC88DD51D73 /* Pods_WakeAppTests.framework */ = {isa = PBXFileReference; explicitFileType = wrapper.framework; includeInIndex = 0; path = Pods_WakeAppTests.framework; sourceTree = BUILT_PRODUCTS_DIR; };
		3973B1E69132F0C9E7E4E424 /* Pods_WakeApp.framework */ = {isa = PBXFileReference; explicitFileType = wrapper.framework; includeInIndex = 0; path = Pods_WakeApp.framework; sourceTree = BUILT_PRODUCTS_DIR; };
		6E2CCC5A3A517023F6F8F367 /* Pods-WakeApp-WakeAppUITests.release.xcconfig */ = {isa = PBXFileReference; includeInIndex = 1; lastKnownFileType = text.xcconfig; name = "Pods-WakeApp-WakeAppUITests.release.xcconfig"; path = "Target Support Files/Pods-WakeApp-WakeAppUITests/Pods-WakeApp-WakeAppUITests.release.xcconfig"; sourceTree = "<group>"; };
		87622F421D99924B61D747F5 /* Pods-WakeApp.release.xcconfig */ = {isa = PBXFileReference; includeInIndex = 1; lastKnownFileType = text.xcconfig; name = "Pods-WakeApp.release.xcconfig"; path = "Target Support Files/Pods-WakeApp/Pods-WakeApp.release.xcconfig"; sourceTree = "<group>"; };
		A37F142BA6A0EFBDDA29BA44 /* Pods-WakeAppTests.release.xcconfig */ = {isa = PBXFileReference; includeInIndex = 1; lastKnownFileType = text.xcconfig; name = "Pods-WakeAppTests.release.xcconfig"; path = "Target Support Files/Pods-WakeAppTests/Pods-WakeAppTests.release.xcconfig"; sourceTree = "<group>"; };
		A50B9E4C2A2424230051C78C /* AccountRegistrationViewController.swift */ = {isa = PBXFileReference; lastKnownFileType = sourcecode.swift; path = AccountRegistrationViewController.swift; sourceTree = "<group>"; };
		A50B9E4D2A2424230051C78C /* AccountRegistrationViewController.xib */ = {isa = PBXFileReference; lastKnownFileType = file.xib; path = AccountRegistrationViewController.xib; sourceTree = "<group>"; };
		A512D5002A22EFD70034D4D9 /* MainPageViewController.swift */ = {isa = PBXFileReference; lastKnownFileType = sourcecode.swift; path = MainPageViewController.swift; sourceTree = "<group>"; };
		A512D5022A22F0910034D4D9 /* IntroductionViewController.swift */ = {isa = PBXFileReference; lastKnownFileType = sourcecode.swift; path = IntroductionViewController.swift; sourceTree = "<group>"; };
		A512D5032A22F0910034D4D9 /* IntroductionViewController.xib */ = {isa = PBXFileReference; lastKnownFileType = file.xib; path = IntroductionViewController.xib; sourceTree = "<group>"; };
		A512D5072A2391DA0034D4D9 /* Const.swift */ = {isa = PBXFileReference; lastKnownFileType = sourcecode.swift; path = Const.swift; sourceTree = "<group>"; };
		A53468F42A2AE4F10097A9EB /* AccountSettingsViewModel.swift */ = {isa = PBXFileReference; lastKnownFileType = sourcecode.swift; path = AccountSettingsViewModel.swift; sourceTree = "<group>"; };
		A555A76E2A249FF000B09B03 /* GoogleService-Info.plist */ = {isa = PBXFileReference; fileEncoding = 4; lastKnownFileType = text.plist.xml; path = "GoogleService-Info.plist"; sourceTree = "<group>"; };
		A555A7702A24A20B00B09B03 /* AccountRegistrationViewModel.swift */ = {isa = PBXFileReference; lastKnownFileType = sourcecode.swift; path = AccountRegistrationViewModel.swift; sourceTree = "<group>"; };
		A555A7722A24ECD300B09B03 /* GoogleAuthenticator.swift */ = {isa = PBXFileReference; lastKnownFileType = sourcecode.swift; path = GoogleAuthenticator.swift; sourceTree = "<group>"; };
		A572137F2A25DD8E001E5F81 /* WakeApp.entitlements */ = {isa = PBXFileReference; lastKnownFileType = text.plist.entitlements; path = WakeApp.entitlements; sourceTree = "<group>"; };
		A57213802A25E4DA001E5F81 /* AppleAuthenticator.swift */ = {isa = PBXFileReference; lastKnownFileType = sourcecode.swift; path = AppleAuthenticator.swift; sourceTree = "<group>"; };
		A58BB0CA2A28225000C834A3 /* DataStorage.swift */ = {isa = PBXFileReference; lastKnownFileType = sourcecode.swift; path = DataStorage.swift; sourceTree = "<group>"; };
		A58BB0CC2A282AEB00C834A3 /* OutgoingEmailViewController.swift */ = {isa = PBXFileReference; lastKnownFileType = sourcecode.swift; path = OutgoingEmailViewController.swift; sourceTree = "<group>"; };
		A58BB0CD2A282AEB00C834A3 /* OutgoingEmailViewController.xib */ = {isa = PBXFileReference; lastKnownFileType = file.xib; path = OutgoingEmailViewController.xib; sourceTree = "<group>"; };
		A58BB0D02A2839E200C834A3 /* LoadingView.xib */ = {isa = PBXFileReference; lastKnownFileType = file.xib; path = LoadingView.xib; sourceTree = "<group>"; };
		A58BB0D22A2839F400C834A3 /* LoadingView.swift */ = {isa = PBXFileReference; lastKnownFileType = sourcecode.swift; path = LoadingView.swift; sourceTree = "<group>"; };
		A58BB0DC2A289D7700C834A3 /* AccountSettingsViewController.swift */ = {isa = PBXFileReference; lastKnownFileType = sourcecode.swift; path = AccountSettingsViewController.swift; sourceTree = "<group>"; };
		A58BB0DD2A289D7700C834A3 /* AccountSettingsViewController.xib */ = {isa = PBXFileReference; lastKnownFileType = file.xib; path = AccountSettingsViewController.xib; sourceTree = "<group>"; };
		A59EEE662A216A1200C60128 /* WakeApp.app */ = {isa = PBXFileReference; explicitFileType = wrapper.application; includeInIndex = 0; path = WakeApp.app; sourceTree = BUILT_PRODUCTS_DIR; };
		A59EEE692A216A1200C60128 /* AppDelegate.swift */ = {isa = PBXFileReference; lastKnownFileType = sourcecode.swift; path = AppDelegate.swift; sourceTree = "<group>"; };
		A59EEE6B2A216A1200C60128 /* SceneDelegate.swift */ = {isa = PBXFileReference; lastKnownFileType = sourcecode.swift; path = SceneDelegate.swift; sourceTree = "<group>"; };
		A59EEE722A216A1300C60128 /* Assets.xcassets */ = {isa = PBXFileReference; lastKnownFileType = folder.assetcatalog; path = Assets.xcassets; sourceTree = "<group>"; };
		A59EEE752A216A1300C60128 /* Base */ = {isa = PBXFileReference; lastKnownFileType = file.storyboard; name = Base; path = Base.lproj/LaunchScreen.storyboard; sourceTree = "<group>"; };
		A59EEE772A216A1300C60128 /* Info.plist */ = {isa = PBXFileReference; lastKnownFileType = text.plist.xml; path = Info.plist; sourceTree = "<group>"; };
		A59EEE7C2A216A1300C60128 /* WakeAppTests.xctest */ = {isa = PBXFileReference; explicitFileType = wrapper.cfbundle; includeInIndex = 0; path = WakeAppTests.xctest; sourceTree = BUILT_PRODUCTS_DIR; };
		A59EEE802A216A1300C60128 /* WakeAppTests.swift */ = {isa = PBXFileReference; lastKnownFileType = sourcecode.swift; path = WakeAppTests.swift; sourceTree = "<group>"; };
		A59EEE862A216A1300C60128 /* WakeAppUITests.xctest */ = {isa = PBXFileReference; explicitFileType = wrapper.cfbundle; includeInIndex = 0; path = WakeAppUITests.xctest; sourceTree = BUILT_PRODUCTS_DIR; };
		A59EEE8A2A216A1300C60128 /* WakeAppUITests.swift */ = {isa = PBXFileReference; lastKnownFileType = sourcecode.swift; path = WakeAppUITests.swift; sourceTree = "<group>"; };
		A59EEE8C2A216A1300C60128 /* WakeAppUITestsLaunchTests.swift */ = {isa = PBXFileReference; lastKnownFileType = sourcecode.swift; path = WakeAppUITestsLaunchTests.swift; sourceTree = "<group>"; };
		A59EEE9E2A21867000C60128 /* StartingViewController.swift */ = {isa = PBXFileReference; lastKnownFileType = sourcecode.swift; path = StartingViewController.swift; sourceTree = "<group>"; };
		A59EEE9F2A21867000C60128 /* StartingViewController.xib */ = {isa = PBXFileReference; lastKnownFileType = file.xib; path = StartingViewController.xib; sourceTree = "<group>"; };
		A5CFBD9B2A2DCDAA00C63FCA /* AccountImageSettingsViewModel.swift */ = {isa = PBXFileReference; lastKnownFileType = sourcecode.swift; path = AccountImageSettingsViewModel.swift; sourceTree = "<group>"; };
		A5E45C802A2D7C5F004EC86B /* RecordViewController.swift */ = {isa = PBXFileReference; lastKnownFileType = sourcecode.swift; path = RecordViewController.swift; sourceTree = "<group>"; };
		A5E45C812A2D7C5F004EC86B /* RecordViewController.xib */ = {isa = PBXFileReference; lastKnownFileType = file.xib; path = RecordViewController.xib; sourceTree = "<group>"; };
		A5E45C842A2DA891004EC86B /* AccountImageSettingsViewController.swift */ = {isa = PBXFileReference; lastKnownFileType = sourcecode.swift; path = AccountImageSettingsViewController.swift; sourceTree = "<group>"; };
		A5E45C852A2DA891004EC86B /* AccountImageSettingsViewController.xib */ = {isa = PBXFileReference; lastKnownFileType = file.xib; path = AccountImageSettingsViewController.xib; sourceTree = "<group>"; };
		A5E839F32A2721B8002D21FA /* Validation.swift */ = {isa = PBXFileReference; lastKnownFileType = sourcecode.swift; path = Validation.swift; sourceTree = "<group>"; };
		C0F249E367FA7C50AB45CD73 /* Pods_WakeApp_WakeAppUITests.framework */ = {isa = PBXFileReference; explicitFileType = wrapper.framework; includeInIndex = 0; path = Pods_WakeApp_WakeAppUITests.framework; sourceTree = BUILT_PRODUCTS_DIR; };
		F088D3925853C70B8AD02063 /* Pods-WakeApp.debug.xcconfig */ = {isa = PBXFileReference; includeInIndex = 1; lastKnownFileType = text.xcconfig; name = "Pods-WakeApp.debug.xcconfig"; path = "Target Support Files/Pods-WakeApp/Pods-WakeApp.debug.xcconfig"; sourceTree = "<group>"; };
/* End PBXFileReference section */

/* Begin PBXFrameworksBuildPhase section */
		A59EEE632A216A1200C60128 /* Frameworks */ = {
			isa = PBXFrameworksBuildPhase;
			buildActionMask = 2147483647;
			files = (
				9FB70C7235AC381C3AF02C11 /* Pods_WakeApp.framework in Frameworks */,
			);
			runOnlyForDeploymentPostprocessing = 0;
		};
		A59EEE792A216A1300C60128 /* Frameworks */ = {
			isa = PBXFrameworksBuildPhase;
			buildActionMask = 2147483647;
			files = (
				675FC3F0E729F6EE08FF0331 /* Pods_WakeAppTests.framework in Frameworks */,
			);
			runOnlyForDeploymentPostprocessing = 0;
		};
		A59EEE832A216A1300C60128 /* Frameworks */ = {
			isa = PBXFrameworksBuildPhase;
			buildActionMask = 2147483647;
			files = (
				51D703187932288746AEAEDE /* Pods_WakeApp_WakeAppUITests.framework in Frameworks */,
			);
			runOnlyForDeploymentPostprocessing = 0;
		};
/* End PBXFrameworksBuildPhase section */

/* Begin PBXGroup section */
		117FB9A632A5ACC9C9C6A82E /* Frameworks */ = {
			isa = PBXGroup;
			children = (
				3973B1E69132F0C9E7E4E424 /* Pods_WakeApp.framework */,
				C0F249E367FA7C50AB45CD73 /* Pods_WakeApp_WakeAppUITests.framework */,
				1CE85A533294DAC88DD51D73 /* Pods_WakeAppTests.framework */,
			);
			name = Frameworks;
			sourceTree = "<group>";
		};
		16EB89C2A6CC2F3B2087A2E1 /* Pods */ = {
			isa = PBXGroup;
			children = (
				F088D3925853C70B8AD02063 /* Pods-WakeApp.debug.xcconfig */,
				87622F421D99924B61D747F5 /* Pods-WakeApp.release.xcconfig */,
				0682733A6EB724E1F50C4E35 /* Pods-WakeApp-WakeAppUITests.debug.xcconfig */,
				6E2CCC5A3A517023F6F8F367 /* Pods-WakeApp-WakeAppUITests.release.xcconfig */,
				19A428935FECE9E1423C2B30 /* Pods-WakeAppTests.debug.xcconfig */,
				A37F142BA6A0EFBDDA29BA44 /* Pods-WakeAppTests.release.xcconfig */,
			);
			path = Pods;
			sourceTree = "<group>";
		};
		A512D5062A2391B60034D4D9 /* Common */ = {
			isa = PBXGroup;
			children = (
				A512D5072A2391DA0034D4D9 /* Const.swift */,
				A58BB0CA2A28225000C834A3 /* DataStorage.swift */,
				A5E839F32A2721B8002D21FA /* Validation.swift */,
			);
			path = Common;
			sourceTree = "<group>";
		};
		A58BB0D82A289C3F00C834A3 /* AccountSettings */ = {
			isa = PBXGroup;
			children = (
				A58BB0DB2A289CE600C834A3 /* Views */,
				A58BB0DA2A289CDF00C834A3 /* ViewModels */,
				A58BB0D92A289CD300C834A3 /* Models */,
			);
			path = AccountSettings;
			sourceTree = "<group>";
		};
		A58BB0D92A289CD300C834A3 /* Models */ = {
			isa = PBXGroup;
			children = (
			);
			path = Models;
			sourceTree = "<group>";
		};
		A58BB0DA2A289CDF00C834A3 /* ViewModels */ = {
			isa = PBXGroup;
			children = (
				A53468F42A2AE4F10097A9EB /* AccountSettingsViewModel.swift */,
				A5CFBD9B2A2DCDAA00C63FCA /* AccountImageSettingsViewModel.swift */,
			);
			path = ViewModels;
			sourceTree = "<group>";
		};
		A58BB0DB2A289CE600C834A3 /* Views */ = {
			isa = PBXGroup;
			children = (
				A58BB0DC2A289D7700C834A3 /* AccountSettingsViewController.swift */,
				A58BB0DD2A289D7700C834A3 /* AccountSettingsViewController.xib */,
				A5E45C842A2DA891004EC86B /* AccountImageSettingsViewController.swift */,
				A5E45C852A2DA891004EC86B /* AccountImageSettingsViewController.xib */,
			);
			path = Views;
			sourceTree = "<group>";
		};
		A59EEE5D2A216A1200C60128 = {
			isa = PBXGroup;
			children = (
				A59EEE682A216A1200C60128 /* WakeApp */,
				A59EEE7F2A216A1300C60128 /* WakeAppTests */,
				A59EEE892A216A1300C60128 /* WakeAppUITests */,
				A59EEE672A216A1200C60128 /* Products */,
				16EB89C2A6CC2F3B2087A2E1 /* Pods */,
				117FB9A632A5ACC9C9C6A82E /* Frameworks */,
			);
			sourceTree = "<group>";
		};
		A59EEE672A216A1200C60128 /* Products */ = {
			isa = PBXGroup;
			children = (
				A59EEE662A216A1200C60128 /* WakeApp.app */,
				A59EEE7C2A216A1300C60128 /* WakeAppTests.xctest */,
				A59EEE862A216A1300C60128 /* WakeAppUITests.xctest */,
			);
			name = Products;
			sourceTree = "<group>";
		};
		A59EEE682A216A1200C60128 /* WakeApp */ = {
			isa = PBXGroup;
			children = (
				A572137F2A25DD8E001E5F81 /* WakeApp.entitlements */,
				A59EEE992A2185F900C60128 /* Freature */,
				A59EEE692A216A1200C60128 /* AppDelegate.swift */,
				A59EEE6B2A216A1200C60128 /* SceneDelegate.swift */,
				A59EEE722A216A1300C60128 /* Assets.xcassets */,
				A59EEE742A216A1300C60128 /* LaunchScreen.storyboard */,
				A59EEE772A216A1300C60128 /* Info.plist */,
				A555A76E2A249FF000B09B03 /* GoogleService-Info.plist */,
			);
			path = WakeApp;
			sourceTree = "<group>";
		};
		A59EEE7F2A216A1300C60128 /* WakeAppTests */ = {
			isa = PBXGroup;
			children = (
				A59EEE802A216A1300C60128 /* WakeAppTests.swift */,
			);
			path = WakeAppTests;
			sourceTree = "<group>";
		};
		A59EEE892A216A1300C60128 /* WakeAppUITests */ = {
			isa = PBXGroup;
			children = (
				A59EEE8A2A216A1300C60128 /* WakeAppUITests.swift */,
				A59EEE8C2A216A1300C60128 /* WakeAppUITestsLaunchTests.swift */,
			);
			path = WakeAppUITests;
			sourceTree = "<group>";
		};
		A59EEE992A2185F900C60128 /* Freature */ = {
			isa = PBXGroup;
			children = (
				A512D5062A2391B60034D4D9 /* Common */,
				A59EEE9A2A21862700C60128 /* Authentication */,
				A58BB0D82A289C3F00C834A3 /* AccountSettings */,
				A5E45C7C2A2D7C13004EC86B /* Record */,
			);
			path = Freature;
			sourceTree = "<group>";
		};
		A59EEE9A2A21862700C60128 /* Authentication */ = {
			isa = PBXGroup;
			children = (
				A59EEE9D2A21864F00C60128 /* Views */,
				A59EEE9C2A21864900C60128 /* ViewModels */,
				A59EEE9B2A21863100C60128 /* Models */,
			);
			path = Authentication;
			sourceTree = "<group>";
		};
		A59EEE9B2A21863100C60128 /* Models */ = {
			isa = PBXGroup;
			children = (
				A555A7722A24ECD300B09B03 /* GoogleAuthenticator.swift */,
				A57213802A25E4DA001E5F81 /* AppleAuthenticator.swift */,
			);
			path = Models;
			sourceTree = "<group>";
		};
		A59EEE9C2A21864900C60128 /* ViewModels */ = {
			isa = PBXGroup;
			children = (
				A555A7702A24A20B00B09B03 /* AccountRegistrationViewModel.swift */,
			);
			path = ViewModels;
			sourceTree = "<group>";
		};
		A59EEE9D2A21864F00C60128 /* Views */ = {
			isa = PBXGroup;
			children = (
				A59EEE9E2A21867000C60128 /* StartingViewController.swift */,
				A59EEE9F2A21867000C60128 /* StartingViewController.xib */,
				A512D5002A22EFD70034D4D9 /* MainPageViewController.swift */,
				A512D5022A22F0910034D4D9 /* IntroductionViewController.swift */,
				A512D5032A22F0910034D4D9 /* IntroductionViewController.xib */,
				A50B9E4C2A2424230051C78C /* AccountRegistrationViewController.swift */,
				A50B9E4D2A2424230051C78C /* AccountRegistrationViewController.xib */,
				A58BB0CC2A282AEB00C834A3 /* OutgoingEmailViewController.swift */,
				A58BB0CD2A282AEB00C834A3 /* OutgoingEmailViewController.xib */,
				A58BB0D22A2839F400C834A3 /* LoadingView.swift */,
				A58BB0D02A2839E200C834A3 /* LoadingView.xib */,
			);
			path = Views;
			sourceTree = "<group>";
		};
		A5E45C7C2A2D7C13004EC86B /* Record */ = {
			isa = PBXGroup;
			children = (
				A5E45C7F2A2D7C4B004EC86B /* Views */,
				A5E45C7E2A2D7C44004EC86B /* ViewModels */,
				A5E45C7D2A2D7C33004EC86B /* Models */,
			);
			path = Record;
			sourceTree = "<group>";
		};
		A5E45C7D2A2D7C33004EC86B /* Models */ = {
			isa = PBXGroup;
			children = (
			);
			path = Models;
			sourceTree = "<group>";
		};
		A5E45C7E2A2D7C44004EC86B /* ViewModels */ = {
			isa = PBXGroup;
			children = (
			);
			path = ViewModels;
			sourceTree = "<group>";
		};
		A5E45C7F2A2D7C4B004EC86B /* Views */ = {
			isa = PBXGroup;
			children = (
				A5E45C802A2D7C5F004EC86B /* RecordViewController.swift */,
				A5E45C812A2D7C5F004EC86B /* RecordViewController.xib */,
			);
			path = Views;
			sourceTree = "<group>";
		};
/* End PBXGroup section */

/* Begin PBXNativeTarget section */
		A59EEE652A216A1200C60128 /* WakeApp */ = {
			isa = PBXNativeTarget;
			buildConfigurationList = A59EEE902A216A1300C60128 /* Build configuration list for PBXNativeTarget "WakeApp" */;
			buildPhases = (
				514CD5416430AA07E457E6E4 /* [CP] Check Pods Manifest.lock */,
				A59EEE622A216A1200C60128 /* Sources */,
				A59EEE632A216A1200C60128 /* Frameworks */,
				A59EEE642A216A1200C60128 /* Resources */,
				EA9084CD9BE7F0046D9386A9 /* [CP] Embed Pods Frameworks */,
			);
			buildRules = (
			);
			dependencies = (
			);
			name = WakeApp;
			productName = WakeApp;
			productReference = A59EEE662A216A1200C60128 /* WakeApp.app */;
			productType = "com.apple.product-type.application";
		};
		A59EEE7B2A216A1300C60128 /* WakeAppTests */ = {
			isa = PBXNativeTarget;
			buildConfigurationList = A59EEE932A216A1300C60128 /* Build configuration list for PBXNativeTarget "WakeAppTests" */;
			buildPhases = (
				0CF225A22ACFAF84042DB36B /* [CP] Check Pods Manifest.lock */,
				A59EEE782A216A1300C60128 /* Sources */,
				A59EEE792A216A1300C60128 /* Frameworks */,
				A59EEE7A2A216A1300C60128 /* Resources */,
			);
			buildRules = (
			);
			dependencies = (
				A59EEE7E2A216A1300C60128 /* PBXTargetDependency */,
			);
			name = WakeAppTests;
			productName = WakeAppTests;
			productReference = A59EEE7C2A216A1300C60128 /* WakeAppTests.xctest */;
			productType = "com.apple.product-type.bundle.unit-test";
		};
		A59EEE852A216A1300C60128 /* WakeAppUITests */ = {
			isa = PBXNativeTarget;
			buildConfigurationList = A59EEE962A216A1300C60128 /* Build configuration list for PBXNativeTarget "WakeAppUITests" */;
			buildPhases = (
				D5AB7EA1BDD317B77120C080 /* [CP] Check Pods Manifest.lock */,
				A59EEE822A216A1300C60128 /* Sources */,
				A59EEE832A216A1300C60128 /* Frameworks */,
				A59EEE842A216A1300C60128 /* Resources */,
				C23094D4AA30B090C9422A2C /* [CP] Embed Pods Frameworks */,
			);
			buildRules = (
			);
			dependencies = (
				A59EEE882A216A1300C60128 /* PBXTargetDependency */,
			);
			name = WakeAppUITests;
			productName = WakeAppUITests;
			productReference = A59EEE862A216A1300C60128 /* WakeAppUITests.xctest */;
			productType = "com.apple.product-type.bundle.ui-testing";
		};
/* End PBXNativeTarget section */

/* Begin PBXProject section */
		A59EEE5E2A216A1200C60128 /* Project object */ = {
			isa = PBXProject;
			attributes = {
				BuildIndependentTargetsInParallel = 1;
				LastSwiftUpdateCheck = 1430;
				LastUpgradeCheck = 1430;
				TargetAttributes = {
					A59EEE652A216A1200C60128 = {
						CreatedOnToolsVersion = 14.3;
					};
					A59EEE7B2A216A1300C60128 = {
						CreatedOnToolsVersion = 14.3;
						TestTargetID = A59EEE652A216A1200C60128;
					};
					A59EEE852A216A1300C60128 = {
						CreatedOnToolsVersion = 14.3;
						TestTargetID = A59EEE652A216A1200C60128;
					};
				};
			};
			buildConfigurationList = A59EEE612A216A1200C60128 /* Build configuration list for PBXProject "WakeApp" */;
			compatibilityVersion = "Xcode 14.0";
			developmentRegion = en;
			hasScannedForEncodings = 0;
			knownRegions = (
				en,
				Base,
			);
			mainGroup = A59EEE5D2A216A1200C60128;
			productRefGroup = A59EEE672A216A1200C60128 /* Products */;
			projectDirPath = "";
			projectRoot = "";
			targets = (
				A59EEE652A216A1200C60128 /* WakeApp */,
				A59EEE7B2A216A1300C60128 /* WakeAppTests */,
				A59EEE852A216A1300C60128 /* WakeAppUITests */,
			);
		};
/* End PBXProject section */

/* Begin PBXResourcesBuildPhase section */
		A59EEE642A216A1200C60128 /* Resources */ = {
			isa = PBXResourcesBuildPhase;
			buildActionMask = 2147483647;
			files = (
				A58BB0CF2A282AEB00C834A3 /* OutgoingEmailViewController.xib in Resources */,
				A5E45C832A2D7C5F004EC86B /* RecordViewController.xib in Resources */,
				A555A76F2A249FF000B09B03 /* GoogleService-Info.plist in Resources */,
				A59EEE762A216A1300C60128 /* LaunchScreen.storyboard in Resources */,
				A59EEE732A216A1300C60128 /* Assets.xcassets in Resources */,
				A58BB0D12A2839E200C834A3 /* LoadingView.xib in Resources */,
				A5E45C872A2DA891004EC86B /* AccountImageSettingsViewController.xib in Resources */,
				A58BB0DF2A289D7700C834A3 /* AccountSettingsViewController.xib in Resources */,
				A50B9E4F2A2424230051C78C /* AccountRegistrationViewController.xib in Resources */,
				A59EEEA12A21867000C60128 /* StartingViewController.xib in Resources */,
				A512D5052A22F0910034D4D9 /* IntroductionViewController.xib in Resources */,
			);
			runOnlyForDeploymentPostprocessing = 0;
		};
		A59EEE7A2A216A1300C60128 /* Resources */ = {
			isa = PBXResourcesBuildPhase;
			buildActionMask = 2147483647;
			files = (
			);
			runOnlyForDeploymentPostprocessing = 0;
		};
		A59EEE842A216A1300C60128 /* Resources */ = {
			isa = PBXResourcesBuildPhase;
			buildActionMask = 2147483647;
			files = (
			);
			runOnlyForDeploymentPostprocessing = 0;
		};
/* End PBXResourcesBuildPhase section */

/* Begin PBXShellScriptBuildPhase section */
		0CF225A22ACFAF84042DB36B /* [CP] Check Pods Manifest.lock */ = {
			isa = PBXShellScriptBuildPhase;
			buildActionMask = 2147483647;
			files = (
			);
			inputFileListPaths = (
			);
			inputPaths = (
				"${PODS_PODFILE_DIR_PATH}/Podfile.lock",
				"${PODS_ROOT}/Manifest.lock",
			);
			name = "[CP] Check Pods Manifest.lock";
			outputFileListPaths = (
			);
			outputPaths = (
				"$(DERIVED_FILE_DIR)/Pods-WakeAppTests-checkManifestLockResult.txt",
			);
			runOnlyForDeploymentPostprocessing = 0;
			shellPath = /bin/sh;
			shellScript = "diff \"${PODS_PODFILE_DIR_PATH}/Podfile.lock\" \"${PODS_ROOT}/Manifest.lock\" > /dev/null\nif [ $? != 0 ] ; then\n    # print error to STDERR\n    echo \"error: The sandbox is not in sync with the Podfile.lock. Run 'pod install' or update your CocoaPods installation.\" >&2\n    exit 1\nfi\n# This output is used by Xcode 'outputs' to avoid re-running this script phase.\necho \"SUCCESS\" > \"${SCRIPT_OUTPUT_FILE_0}\"\n";
			showEnvVarsInLog = 0;
		};
		514CD5416430AA07E457E6E4 /* [CP] Check Pods Manifest.lock */ = {
			isa = PBXShellScriptBuildPhase;
			buildActionMask = 2147483647;
			files = (
			);
			inputFileListPaths = (
			);
			inputPaths = (
				"${PODS_PODFILE_DIR_PATH}/Podfile.lock",
				"${PODS_ROOT}/Manifest.lock",
			);
			name = "[CP] Check Pods Manifest.lock";
			outputFileListPaths = (
			);
			outputPaths = (
				"$(DERIVED_FILE_DIR)/Pods-WakeApp-checkManifestLockResult.txt",
			);
			runOnlyForDeploymentPostprocessing = 0;
			shellPath = /bin/sh;
			shellScript = "diff \"${PODS_PODFILE_DIR_PATH}/Podfile.lock\" \"${PODS_ROOT}/Manifest.lock\" > /dev/null\nif [ $? != 0 ] ; then\n    # print error to STDERR\n    echo \"error: The sandbox is not in sync with the Podfile.lock. Run 'pod install' or update your CocoaPods installation.\" >&2\n    exit 1\nfi\n# This output is used by Xcode 'outputs' to avoid re-running this script phase.\necho \"SUCCESS\" > \"${SCRIPT_OUTPUT_FILE_0}\"\n";
			showEnvVarsInLog = 0;
		};
		C23094D4AA30B090C9422A2C /* [CP] Embed Pods Frameworks */ = {
			isa = PBXShellScriptBuildPhase;
			buildActionMask = 2147483647;
			files = (
			);
			inputFileListPaths = (
				"${PODS_ROOT}/Target Support Files/Pods-WakeApp-WakeAppUITests/Pods-WakeApp-WakeAppUITests-frameworks-${CONFIGURATION}-input-files.xcfilelist",
			);
			name = "[CP] Embed Pods Frameworks";
			outputFileListPaths = (
				"${PODS_ROOT}/Target Support Files/Pods-WakeApp-WakeAppUITests/Pods-WakeApp-WakeAppUITests-frameworks-${CONFIGURATION}-output-files.xcfilelist",
			);
			runOnlyForDeploymentPostprocessing = 0;
			shellPath = /bin/sh;
			shellScript = "\"${PODS_ROOT}/Target Support Files/Pods-WakeApp-WakeAppUITests/Pods-WakeApp-WakeAppUITests-frameworks.sh\"\n";
			showEnvVarsInLog = 0;
		};
		D5AB7EA1BDD317B77120C080 /* [CP] Check Pods Manifest.lock */ = {
			isa = PBXShellScriptBuildPhase;
			buildActionMask = 2147483647;
			files = (
			);
			inputFileListPaths = (
			);
			inputPaths = (
				"${PODS_PODFILE_DIR_PATH}/Podfile.lock",
				"${PODS_ROOT}/Manifest.lock",
			);
			name = "[CP] Check Pods Manifest.lock";
			outputFileListPaths = (
			);
			outputPaths = (
				"$(DERIVED_FILE_DIR)/Pods-WakeApp-WakeAppUITests-checkManifestLockResult.txt",
			);
			runOnlyForDeploymentPostprocessing = 0;
			shellPath = /bin/sh;
			shellScript = "diff \"${PODS_PODFILE_DIR_PATH}/Podfile.lock\" \"${PODS_ROOT}/Manifest.lock\" > /dev/null\nif [ $? != 0 ] ; then\n    # print error to STDERR\n    echo \"error: The sandbox is not in sync with the Podfile.lock. Run 'pod install' or update your CocoaPods installation.\" >&2\n    exit 1\nfi\n# This output is used by Xcode 'outputs' to avoid re-running this script phase.\necho \"SUCCESS\" > \"${SCRIPT_OUTPUT_FILE_0}\"\n";
			showEnvVarsInLog = 0;
		};
		EA9084CD9BE7F0046D9386A9 /* [CP] Embed Pods Frameworks */ = {
			isa = PBXShellScriptBuildPhase;
			buildActionMask = 2147483647;
			files = (
			);
			inputFileListPaths = (
				"${PODS_ROOT}/Target Support Files/Pods-WakeApp/Pods-WakeApp-frameworks-${CONFIGURATION}-input-files.xcfilelist",
			);
			name = "[CP] Embed Pods Frameworks";
			outputFileListPaths = (
				"${PODS_ROOT}/Target Support Files/Pods-WakeApp/Pods-WakeApp-frameworks-${CONFIGURATION}-output-files.xcfilelist",
			);
			runOnlyForDeploymentPostprocessing = 0;
			shellPath = /bin/sh;
			shellScript = "\"${PODS_ROOT}/Target Support Files/Pods-WakeApp/Pods-WakeApp-frameworks.sh\"\n";
			showEnvVarsInLog = 0;
		};
/* End PBXShellScriptBuildPhase section */

/* Begin PBXSourcesBuildPhase section */
		A59EEE622A216A1200C60128 /* Sources */ = {
			isa = PBXSourcesBuildPhase;
			buildActionMask = 2147483647;
			files = (
				A59EEE6A2A216A1200C60128 /* AppDelegate.swift in Sources */,
				A512D5042A22F0910034D4D9 /* IntroductionViewController.swift in Sources */,
				A58BB0DE2A289D7700C834A3 /* AccountSettingsViewController.swift in Sources */,
				A5E45C862A2DA891004EC86B /* AccountImageSettingsViewController.swift in Sources */,
				A53468F52A2AE4F10097A9EB /* AccountSettingsViewModel.swift in Sources */,
				A5E839F42A2721B8002D21FA /* Validation.swift in Sources */,
				A58BB0CB2A28225000C834A3 /* DataStorage.swift in Sources */,
				A59EEEA02A21867000C60128 /* StartingViewController.swift in Sources */,
				A512D5012A22EFD70034D4D9 /* MainPageViewController.swift in Sources */,
				A59EEE6C2A216A1200C60128 /* SceneDelegate.swift in Sources */,
				A5E45C822A2D7C5F004EC86B /* RecordViewController.swift in Sources */,
				A555A7732A24ECD300B09B03 /* GoogleAuthenticator.swift in Sources */,
				A5CFBD9C2A2DCDAA00C63FCA /* AccountImageSettingsViewModel.swift in Sources */,
				A50B9E4E2A2424230051C78C /* AccountRegistrationViewController.swift in Sources */,
				A58BB0CE2A282AEB00C834A3 /* OutgoingEmailViewController.swift in Sources */,
				A58BB0D32A2839F400C834A3 /* LoadingView.swift in Sources */,
				A555A7712A24A20B00B09B03 /* AccountRegistrationViewModel.swift in Sources */,
				A57213812A25E4DA001E5F81 /* AppleAuthenticator.swift in Sources */,
				A512D5082A2391DA0034D4D9 /* Const.swift in Sources */,
			);
			runOnlyForDeploymentPostprocessing = 0;
		};
		A59EEE782A216A1300C60128 /* Sources */ = {
			isa = PBXSourcesBuildPhase;
			buildActionMask = 2147483647;
			files = (
				A59EEE812A216A1300C60128 /* WakeAppTests.swift in Sources */,
			);
			runOnlyForDeploymentPostprocessing = 0;
		};
		A59EEE822A216A1300C60128 /* Sources */ = {
			isa = PBXSourcesBuildPhase;
			buildActionMask = 2147483647;
			files = (
				A59EEE8D2A216A1300C60128 /* WakeAppUITestsLaunchTests.swift in Sources */,
				A59EEE8B2A216A1300C60128 /* WakeAppUITests.swift in Sources */,
			);
			runOnlyForDeploymentPostprocessing = 0;
		};
/* End PBXSourcesBuildPhase section */

/* Begin PBXTargetDependency section */
		A59EEE7E2A216A1300C60128 /* PBXTargetDependency */ = {
			isa = PBXTargetDependency;
			target = A59EEE652A216A1200C60128 /* WakeApp */;
			targetProxy = A59EEE7D2A216A1300C60128 /* PBXContainerItemProxy */;
		};
		A59EEE882A216A1300C60128 /* PBXTargetDependency */ = {
			isa = PBXTargetDependency;
			target = A59EEE652A216A1200C60128 /* WakeApp */;
			targetProxy = A59EEE872A216A1300C60128 /* PBXContainerItemProxy */;
		};
/* End PBXTargetDependency section */

/* Begin PBXVariantGroup section */
		A59EEE742A216A1300C60128 /* LaunchScreen.storyboard */ = {
			isa = PBXVariantGroup;
			children = (
				A59EEE752A216A1300C60128 /* Base */,
			);
			name = LaunchScreen.storyboard;
			sourceTree = "<group>";
		};
/* End PBXVariantGroup section */

/* Begin XCBuildConfiguration section */
		A59EEE8E2A216A1300C60128 /* Debug */ = {
			isa = XCBuildConfiguration;
			buildSettings = {
				ALWAYS_SEARCH_USER_PATHS = NO;
				CLANG_ANALYZER_NONNULL = YES;
				CLANG_ANALYZER_NUMBER_OBJECT_CONVERSION = YES_AGGRESSIVE;
				CLANG_CXX_LANGUAGE_STANDARD = "gnu++20";
				CLANG_ENABLE_MODULES = YES;
				CLANG_ENABLE_OBJC_ARC = YES;
				CLANG_ENABLE_OBJC_WEAK = YES;
				CLANG_WARN_BLOCK_CAPTURE_AUTORELEASING = YES;
				CLANG_WARN_BOOL_CONVERSION = YES;
				CLANG_WARN_COMMA = YES;
				CLANG_WARN_CONSTANT_CONVERSION = YES;
				CLANG_WARN_DEPRECATED_OBJC_IMPLEMENTATIONS = YES;
				CLANG_WARN_DIRECT_OBJC_ISA_USAGE = YES_ERROR;
				CLANG_WARN_DOCUMENTATION_COMMENTS = YES;
				CLANG_WARN_EMPTY_BODY = YES;
				CLANG_WARN_ENUM_CONVERSION = YES;
				CLANG_WARN_INFINITE_RECURSION = YES;
				CLANG_WARN_INT_CONVERSION = YES;
				CLANG_WARN_NON_LITERAL_NULL_CONVERSION = YES;
				CLANG_WARN_OBJC_IMPLICIT_RETAIN_SELF = YES;
				CLANG_WARN_OBJC_LITERAL_CONVERSION = YES;
				CLANG_WARN_OBJC_ROOT_CLASS = YES_ERROR;
				CLANG_WARN_QUOTED_INCLUDE_IN_FRAMEWORK_HEADER = YES;
				CLANG_WARN_RANGE_LOOP_ANALYSIS = YES;
				CLANG_WARN_STRICT_PROTOTYPES = YES;
				CLANG_WARN_SUSPICIOUS_MOVE = YES;
				CLANG_WARN_UNGUARDED_AVAILABILITY = YES_AGGRESSIVE;
				CLANG_WARN_UNREACHABLE_CODE = YES;
				CLANG_WARN__DUPLICATE_METHOD_MATCH = YES;
				COPY_PHASE_STRIP = NO;
				DEBUG_INFORMATION_FORMAT = dwarf;
				ENABLE_STRICT_OBJC_MSGSEND = YES;
				ENABLE_TESTABILITY = YES;
				GCC_C_LANGUAGE_STANDARD = gnu11;
				GCC_DYNAMIC_NO_PIC = NO;
				GCC_NO_COMMON_BLOCKS = YES;
				GCC_OPTIMIZATION_LEVEL = 0;
				GCC_PREPROCESSOR_DEFINITIONS = (
					"DEBUG=1",
					"$(inherited)",
				);
				GCC_WARN_64_TO_32_BIT_CONVERSION = YES;
				GCC_WARN_ABOUT_RETURN_TYPE = YES_ERROR;
				GCC_WARN_UNDECLARED_SELECTOR = YES;
				GCC_WARN_UNINITIALIZED_AUTOS = YES_AGGRESSIVE;
				GCC_WARN_UNUSED_FUNCTION = YES;
				GCC_WARN_UNUSED_VARIABLE = YES;
				IPHONEOS_DEPLOYMENT_TARGET = 16.4;
				MTL_ENABLE_DEBUG_INFO = INCLUDE_SOURCE;
				MTL_FAST_MATH = YES;
				ONLY_ACTIVE_ARCH = YES;
				SDKROOT = iphoneos;
				SWIFT_ACTIVE_COMPILATION_CONDITIONS = DEBUG;
				SWIFT_OPTIMIZATION_LEVEL = "-Onone";
			};
			name = Debug;
		};
		A59EEE8F2A216A1300C60128 /* Release */ = {
			isa = XCBuildConfiguration;
			buildSettings = {
				ALWAYS_SEARCH_USER_PATHS = NO;
				CLANG_ANALYZER_NONNULL = YES;
				CLANG_ANALYZER_NUMBER_OBJECT_CONVERSION = YES_AGGRESSIVE;
				CLANG_CXX_LANGUAGE_STANDARD = "gnu++20";
				CLANG_ENABLE_MODULES = YES;
				CLANG_ENABLE_OBJC_ARC = YES;
				CLANG_ENABLE_OBJC_WEAK = YES;
				CLANG_WARN_BLOCK_CAPTURE_AUTORELEASING = YES;
				CLANG_WARN_BOOL_CONVERSION = YES;
				CLANG_WARN_COMMA = YES;
				CLANG_WARN_CONSTANT_CONVERSION = YES;
				CLANG_WARN_DEPRECATED_OBJC_IMPLEMENTATIONS = YES;
				CLANG_WARN_DIRECT_OBJC_ISA_USAGE = YES_ERROR;
				CLANG_WARN_DOCUMENTATION_COMMENTS = YES;
				CLANG_WARN_EMPTY_BODY = YES;
				CLANG_WARN_ENUM_CONVERSION = YES;
				CLANG_WARN_INFINITE_RECURSION = YES;
				CLANG_WARN_INT_CONVERSION = YES;
				CLANG_WARN_NON_LITERAL_NULL_CONVERSION = YES;
				CLANG_WARN_OBJC_IMPLICIT_RETAIN_SELF = YES;
				CLANG_WARN_OBJC_LITERAL_CONVERSION = YES;
				CLANG_WARN_OBJC_ROOT_CLASS = YES_ERROR;
				CLANG_WARN_QUOTED_INCLUDE_IN_FRAMEWORK_HEADER = YES;
				CLANG_WARN_RANGE_LOOP_ANALYSIS = YES;
				CLANG_WARN_STRICT_PROTOTYPES = YES;
				CLANG_WARN_SUSPICIOUS_MOVE = YES;
				CLANG_WARN_UNGUARDED_AVAILABILITY = YES_AGGRESSIVE;
				CLANG_WARN_UNREACHABLE_CODE = YES;
				CLANG_WARN__DUPLICATE_METHOD_MATCH = YES;
				COPY_PHASE_STRIP = NO;
				DEBUG_INFORMATION_FORMAT = "dwarf-with-dsym";
				ENABLE_NS_ASSERTIONS = NO;
				ENABLE_STRICT_OBJC_MSGSEND = YES;
				GCC_C_LANGUAGE_STANDARD = gnu11;
				GCC_NO_COMMON_BLOCKS = YES;
				GCC_WARN_64_TO_32_BIT_CONVERSION = YES;
				GCC_WARN_ABOUT_RETURN_TYPE = YES_ERROR;
				GCC_WARN_UNDECLARED_SELECTOR = YES;
				GCC_WARN_UNINITIALIZED_AUTOS = YES_AGGRESSIVE;
				GCC_WARN_UNUSED_FUNCTION = YES;
				GCC_WARN_UNUSED_VARIABLE = YES;
				IPHONEOS_DEPLOYMENT_TARGET = 16.4;
				MTL_ENABLE_DEBUG_INFO = NO;
				MTL_FAST_MATH = YES;
				SDKROOT = iphoneos;
				SWIFT_COMPILATION_MODE = wholemodule;
				SWIFT_OPTIMIZATION_LEVEL = "-O";
				VALIDATE_PRODUCT = YES;
			};
			name = Release;
		};
		A59EEE912A216A1300C60128 /* Debug */ = {
			isa = XCBuildConfiguration;
			baseConfigurationReference = F088D3925853C70B8AD02063 /* Pods-WakeApp.debug.xcconfig */;
			buildSettings = {
				ASSETCATALOG_COMPILER_APPICON_NAME = AppIcon;
				ASSETCATALOG_COMPILER_GLOBAL_ACCENT_COLOR_NAME = AccentColor;
				CODE_SIGN_ENTITLEMENTS = WakeApp/WakeApp.entitlements;
				CODE_SIGN_STYLE = Automatic;
				CURRENT_PROJECT_VERSION = 1;
				DEVELOPMENT_TEAM = RYNT79DTV4;
				GENERATE_INFOPLIST_FILE = YES;
				INFOPLIST_FILE = WakeApp/Info.plist;
				INFOPLIST_KEY_UIApplicationSupportsIndirectInputEvents = YES;
				INFOPLIST_KEY_UILaunchStoryboardName = LaunchScreen;
				INFOPLIST_KEY_UISupportedInterfaceOrientations = UIInterfaceOrientationPortrait;
				INFOPLIST_KEY_UISupportedInterfaceOrientations_iPad = "UIInterfaceOrientationLandscapeLeft UIInterfaceOrientationLandscapeRight UIInterfaceOrientationPortrait UIInterfaceOrientationPortraitUpsideDown";
				IPHONEOS_DEPLOYMENT_TARGET = 15.0;
				LD_RUNPATH_SEARCH_PATHS = (
					"$(inherited)",
					"@executable_path/Frameworks",
				);
				MARKETING_VERSION = 1.0;
				PRODUCT_BUNDLE_IDENTIFIER = com.gmail.tibita0811.WakeApp;
				PRODUCT_NAME = "$(TARGET_NAME)";
				SUPPORTED_PLATFORMS = "iphoneos iphonesimulator";
				SUPPORTS_MACCATALYST = NO;
				SUPPORTS_MAC_DESIGNED_FOR_IPHONE_IPAD = NO;
				SWIFT_EMIT_LOC_STRINGS = YES;
				SWIFT_VERSION = 5.0;
				TARGETED_DEVICE_FAMILY = 1;
			};
			name = Debug;
		};
		A59EEE922A216A1300C60128 /* Release */ = {
			isa = XCBuildConfiguration;
			baseConfigurationReference = 87622F421D99924B61D747F5 /* Pods-WakeApp.release.xcconfig */;
			buildSettings = {
				ASSETCATALOG_COMPILER_APPICON_NAME = AppIcon;
				ASSETCATALOG_COMPILER_GLOBAL_ACCENT_COLOR_NAME = AccentColor;
				CODE_SIGN_ENTITLEMENTS = WakeApp/WakeApp.entitlements;
				CODE_SIGN_STYLE = Automatic;
				CURRENT_PROJECT_VERSION = 1;
				DEVELOPMENT_TEAM = RYNT79DTV4;
				GENERATE_INFOPLIST_FILE = YES;
				INFOPLIST_FILE = WakeApp/Info.plist;
				INFOPLIST_KEY_UIApplicationSupportsIndirectInputEvents = YES;
				INFOPLIST_KEY_UILaunchStoryboardName = LaunchScreen;
				INFOPLIST_KEY_UISupportedInterfaceOrientations = UIInterfaceOrientationPortrait;
				INFOPLIST_KEY_UISupportedInterfaceOrientations_iPad = "UIInterfaceOrientationLandscapeLeft UIInterfaceOrientationLandscapeRight UIInterfaceOrientationPortrait UIInterfaceOrientationPortraitUpsideDown";
				IPHONEOS_DEPLOYMENT_TARGET = 15.0;
				LD_RUNPATH_SEARCH_PATHS = (
					"$(inherited)",
					"@executable_path/Frameworks",
				);
				MARKETING_VERSION = 1.0;
				PRODUCT_BUNDLE_IDENTIFIER = com.gmail.tibita0811.WakeApp;
				PRODUCT_NAME = "$(TARGET_NAME)";
				SUPPORTED_PLATFORMS = "iphoneos iphonesimulator";
				SUPPORTS_MACCATALYST = NO;
				SUPPORTS_MAC_DESIGNED_FOR_IPHONE_IPAD = NO;
				SWIFT_EMIT_LOC_STRINGS = YES;
				SWIFT_VERSION = 5.0;
				TARGETED_DEVICE_FAMILY = 1;
			};
			name = Release;
		};
		A59EEE942A216A1300C60128 /* Debug */ = {
			isa = XCBuildConfiguration;
			baseConfigurationReference = 19A428935FECE9E1423C2B30 /* Pods-WakeAppTests.debug.xcconfig */;
			buildSettings = {
				ALWAYS_EMBED_SWIFT_STANDARD_LIBRARIES = YES;
				BUNDLE_LOADER = "$(TEST_HOST)";
				CODE_SIGN_STYLE = Automatic;
				CURRENT_PROJECT_VERSION = 1;
				DEVELOPMENT_TEAM = RYNT79DTV4;
				GENERATE_INFOPLIST_FILE = YES;
				IPHONEOS_DEPLOYMENT_TARGET = 16.4;
				MARKETING_VERSION = 1.0;
				PRODUCT_BUNDLE_IDENTIFIER = com.gmail.tibita0811.WakeAppTests;
				PRODUCT_NAME = "$(TARGET_NAME)";
				SWIFT_EMIT_LOC_STRINGS = NO;
				SWIFT_VERSION = 5.0;
				TARGETED_DEVICE_FAMILY = "1,2";
				TEST_HOST = "$(BUILT_PRODUCTS_DIR)/WakeApp.app/$(BUNDLE_EXECUTABLE_FOLDER_PATH)/WakeApp";
			};
			name = Debug;
		};
		A59EEE952A216A1300C60128 /* Release */ = {
			isa = XCBuildConfiguration;
			baseConfigurationReference = A37F142BA6A0EFBDDA29BA44 /* Pods-WakeAppTests.release.xcconfig */;
			buildSettings = {
				ALWAYS_EMBED_SWIFT_STANDARD_LIBRARIES = YES;
				BUNDLE_LOADER = "$(TEST_HOST)";
				CODE_SIGN_STYLE = Automatic;
				CURRENT_PROJECT_VERSION = 1;
				DEVELOPMENT_TEAM = RYNT79DTV4;
				GENERATE_INFOPLIST_FILE = YES;
				IPHONEOS_DEPLOYMENT_TARGET = 16.4;
				MARKETING_VERSION = 1.0;
				PRODUCT_BUNDLE_IDENTIFIER = com.gmail.tibita0811.WakeAppTests;
				PRODUCT_NAME = "$(TARGET_NAME)";
				SWIFT_EMIT_LOC_STRINGS = NO;
				SWIFT_VERSION = 5.0;
				TARGETED_DEVICE_FAMILY = "1,2";
				TEST_HOST = "$(BUILT_PRODUCTS_DIR)/WakeApp.app/$(BUNDLE_EXECUTABLE_FOLDER_PATH)/WakeApp";
			};
			name = Release;
		};
		A59EEE972A216A1300C60128 /* Debug */ = {
			isa = XCBuildConfiguration;
			baseConfigurationReference = 0682733A6EB724E1F50C4E35 /* Pods-WakeApp-WakeAppUITests.debug.xcconfig */;
			buildSettings = {
				ALWAYS_EMBED_SWIFT_STANDARD_LIBRARIES = YES;
				CODE_SIGN_STYLE = Automatic;
				CURRENT_PROJECT_VERSION = 1;
				DEVELOPMENT_TEAM = RYNT79DTV4;
				GENERATE_INFOPLIST_FILE = YES;
				MARKETING_VERSION = 1.0;
				PRODUCT_BUNDLE_IDENTIFIER = com.gmail.tibita0811.WakeAppUITests;
				PRODUCT_NAME = "$(TARGET_NAME)";
				SWIFT_EMIT_LOC_STRINGS = NO;
				SWIFT_VERSION = 5.0;
				TARGETED_DEVICE_FAMILY = "1,2";
				TEST_TARGET_NAME = WakeApp;
			};
			name = Debug;
		};
		A59EEE982A216A1300C60128 /* Release */ = {
			isa = XCBuildConfiguration;
			baseConfigurationReference = 6E2CCC5A3A517023F6F8F367 /* Pods-WakeApp-WakeAppUITests.release.xcconfig */;
			buildSettings = {
				ALWAYS_EMBED_SWIFT_STANDARD_LIBRARIES = YES;
				CODE_SIGN_STYLE = Automatic;
				CURRENT_PROJECT_VERSION = 1;
				DEVELOPMENT_TEAM = RYNT79DTV4;
				GENERATE_INFOPLIST_FILE = YES;
				MARKETING_VERSION = 1.0;
				PRODUCT_BUNDLE_IDENTIFIER = com.gmail.tibita0811.WakeAppUITests;
				PRODUCT_NAME = "$(TARGET_NAME)";
				SWIFT_EMIT_LOC_STRINGS = NO;
				SWIFT_VERSION = 5.0;
				TARGETED_DEVICE_FAMILY = "1,2";
				TEST_TARGET_NAME = WakeApp;
			};
			name = Release;
		};
/* End XCBuildConfiguration section */

/* Begin XCConfigurationList section */
		A59EEE612A216A1200C60128 /* Build configuration list for PBXProject "WakeApp" */ = {
			isa = XCConfigurationList;
			buildConfigurations = (
				A59EEE8E2A216A1300C60128 /* Debug */,
				A59EEE8F2A216A1300C60128 /* Release */,
			);
			defaultConfigurationIsVisible = 0;
			defaultConfigurationName = Release;
		};
		A59EEE902A216A1300C60128 /* Build configuration list for PBXNativeTarget "WakeApp" */ = {
			isa = XCConfigurationList;
			buildConfigurations = (
				A59EEE912A216A1300C60128 /* Debug */,
				A59EEE922A216A1300C60128 /* Release */,
			);
			defaultConfigurationIsVisible = 0;
			defaultConfigurationName = Release;
		};
		A59EEE932A216A1300C60128 /* Build configuration list for PBXNativeTarget "WakeAppTests" */ = {
			isa = XCConfigurationList;
			buildConfigurations = (
				A59EEE942A216A1300C60128 /* Debug */,
				A59EEE952A216A1300C60128 /* Release */,
			);
			defaultConfigurationIsVisible = 0;
			defaultConfigurationName = Release;
		};
		A59EEE962A216A1300C60128 /* Build configuration list for PBXNativeTarget "WakeAppUITests" */ = {
			isa = XCConfigurationList;
			buildConfigurations = (
				A59EEE972A216A1300C60128 /* Debug */,
				A59EEE982A216A1300C60128 /* Release */,
			);
			defaultConfigurationIsVisible = 0;
			defaultConfigurationName = Release;
		};
/* End XCConfigurationList section */
	};
	rootObject = A59EEE5E2A216A1200C60128 /* Project object */;
}
